
Microsoft Visual Studio Solution File, Format Version 12.00
# Visual Studio Version 17
VisualStudioVersion = 17.6.33829.357
MinimumVisualStudioVersion = 10.0.40219.1
Project("{9A19103F-16F7-4668-BE54-9A1E7A4F7556}") = "CompanyEmployees", "CompanyEmployees\CompanyEmployees.csproj", "{CD55EB5F-7B04-4AED-9E2A-80F439A0227A}"
EndProject
Project("{FAE04EC0-301F-11D3-BF4B-00C04F79EFBC}") = "Contracts", "Contracts\Contracts.csproj", "{67A7FF58-565A-4FBD-9C1C-827A7919C423}"
EndProject
Project("{FAE04EC0-301F-11D3-BF4B-00C04F79EFBC}") = "LoggerService", "LoggerService\LoggerService.csproj", "{81564FE5-39E3-41B9-B440-6E6C4E3A9067}"
EndProject
Global
	GlobalSection(SolutionConfigurationPlatforms) = preSolution
		Debug|Any CPU = Debug|Any CPU
		Release|Any CPU = Release|Any CPU
	EndGlobalSection
	GlobalSection(ProjectConfigurationPlatforms) = postSolution
		{CD55EB5F-7B04-4AED-9E2A-80F439A0227A}.Debug|Any CPU.ActiveCfg = Debug|Any CPU
		{CD55EB5F-7B04-4AED-9E2A-80F439A0227A}.Debug|Any CPU.Build.0 = Debug|Any CPU
		{CD55EB5F-7B04-4AED-9E2A-80F439A0227A}.Release|Any CPU.ActiveCfg = Release|Any CPU
		{CD55EB5F-7B04-4AED-9E2A-80F439A0227A}.Release|Any CPU.Build.0 = Release|Any CPU
		{67A7FF58-565A-4FBD-9C1C-827A7919C423}.Debug|Any CPU.ActiveCfg = Debug|Any CPU
		{67A7FF58-565A-4FBD-9C1C-827A7919C423}.Debug|Any CPU.Build.0 = Debug|Any CPU
		{67A7FF58-565A-4FBD-9C1C-827A7919C423}.Release|Any CPU.ActiveCfg = Release|Any CPU
		{67A7FF58-565A-4FBD-9C1C-827A7919C423}.Release|Any CPU.Build.0 = Release|Any CPU
		{81564FE5-39E3-41B9-B440-6E6C4E3A9067}.Debug|Any CPU.ActiveCfg = Debug|Any CPU
		{81564FE5-39E3-41B9-B440-6E6C4E3A9067}.Debug|Any CPU.Build.0 = Debug|Any CPU
		{81564FE5-39E3-41B9-B440-6E6C4E3A9067}.Release|Any CPU.ActiveCfg = Release|Any CPU
		{81564FE5-39E3-41B9-B440-6E6C4E3A9067}.Release|Any CPU.Build.0 = Release|Any CPU
	EndGlobalSection
	GlobalSection(SolutionProperties) = preSolution
		HideSolutionNode = FALSE
	EndGlobalSection
	GlobalSection(ExtensibilityGlobals) = postSolution
		SolutionGuid = {53BCECB8-B55C-4C76-A35F-2F1F03C085E6}
	EndGlobalSection
EndGlobal
